
Microsoft Visual Studio Solution File, Format Version 12.00
# Visual Studio Version 17
VisualStudioVersion = 17.11.35312.102
MinimumVisualStudioVersion = 10.0.40219.1
Project("{FAE04EC0-301F-11D3-BF4B-00C04F79EFBC}") = "ataqueDoHeroi", "ataqueDoHeroi\ataqueDoHeroi.csproj", "{F33355EC-47A4-4AFB-B68D-D975F64F1216}"
EndProject
Global
	GlobalSection(SolutionConfigurationPlatforms) = preSolution
		Debug|Any CPU = Debug|Any CPU
		Release|Any CPU = Release|Any CPU
	EndGlobalSection
	GlobalSection(ProjectConfigurationPlatforms) = postSolution
		{F33355EC-47A4-4AFB-B68D-D975F64F1216}.Debug|Any CPU.ActiveCfg = Debug|Any CPU
		{F33355EC-47A4-4AFB-B68D-D975F64F1216}.Debug|Any CPU.Build.0 = Debug|Any CPU
		{F33355EC-47A4-4AFB-B68D-D975F64F1216}.Release|Any CPU.ActiveCfg = Release|Any CPU
		{F33355EC-47A4-4AFB-B68D-D975F64F1216}.Release|Any CPU.Build.0 = Release|Any CPU
	EndGlobalSection
	GlobalSection(SolutionProperties) = preSolution
		HideSolutionNode = FALSE
	EndGlobalSection
	GlobalSection(ExtensibilityGlobals) = postSolution
		SolutionGuid = {47C70A44-0077-4246-B506-FF291D1F6FA1}
	EndGlobalSection
EndGlobal
